{
  "object": {
    "pins": [
      {
        "package": "Alamofire",
        "repositoryURL": "https://github.com/Alamofire/Alamofire",
        "state": {
          "branch": null,
          "revision": "eaf6e622dd41b07b251d8f01752eab31bc811493",
          "version": "5.4.1"
        }
      },
      {
        "package": "Anchorage",
        "repositoryURL": "https://github.com/Rightpoint/Anchorage",
        "state": {
          "branch": null,
          "revision": "23a6dd0ccf9529d2750d8679a2e74a161cff2f16",
          "version": "4.5.0"
        }
      },
      {
        "package": "Eventful",
        "repositoryURL": "https://github.com/raymundcat/Eventful",
        "state": {
          "branch": null,
          "revision": "5abf078556658b3722c5596d7002439909047c72",
          "version": "0.0.3"
        }
      },
      {
        "package": "MulticastDelegate",
        "repositoryURL": "https://github.com/jonasman/MulticastDelegate",
        "state": {
          "branch": null,
          "revision": "8826c0979f950acbee92738848de5e8defd59d17",
          "version": "2.1.5"
        }
      }
    ]
  },
  "version": 1
}
