{
  "object": {
    "pins": [
      {
        "package": "Anchorage",
        "repositoryURL": "https://github.com/Rightpoint/Anchorage",
        "state": {
          "branch": null,
          "revision": "23a6dd0ccf9529d2750d8679a2e74a161cff2f16",
          "version": "4.5.0"
        }
      },
      {
        "package": "EndPoints",
        "repositoryURL": "https://github.com/raymundcat/EndPoints",
        "state": {
          "branch": null,
          "revision": "66a5ed620c87e03ebc0006d05470fd1d0e7545d4",
          "version": "0.0.1"
        }
      },
      {
        "package": "Eventful",
        "repositoryURL": "https://github.com/raymundcat/Eventful",
        "state": {
          "branch": null,
          "revision": "5abf078556658b3722c5596d7002439909047c72",
          "version": "0.0.3"
        }
      },
      {
        "package": "MulticastDelegate",
        "repositoryURL": "https://github.com/jonasman/MulticastDelegate",
        "state": {
          "branch": null,
          "revision": "8826c0979f950acbee92738848de5e8defd59d17",
          "version": "2.1.5"
        }
      },
      {
        "package": "OHHTTPStubs",
        "repositoryURL": "https://github.com/AliSoftware/OHHTTPStubs",
        "state": {
          "branch": null,
          "revision": "12f19662426d0434d6c330c6974d53e2eb10ecd9",
          "version": "9.1.0"
        }
      },
      {
        "package": "PromiseKit",
        "repositoryURL": "https://github.com/mxcl/PromiseKit",
        "state": {
          "branch": null,
          "revision": "aea48ea1855f5d82e2dffa6027afce3aab8f3dd7",
          "version": "6.13.3"
        }
      },
      {
        "package": "SDWebImage",
        "repositoryURL": "https://github.com/SDWebImage/SDWebImage",
        "state": {
          "branch": null,
          "revision": "4aaca57fb2f6dc5554a2228cf1d94289bd0a6c7d",
          "version": "5.10.3"
        }
      },
      {
        "package": "swift-case-paths",
        "repositoryURL": "https://github.com/pointfreeco/swift-case-paths.git",
        "state": {
          "branch": null,
          "revision": "ed1838ab4fa5d47db8aa640736dd5b7672548873",
          "version": "0.1.2"
        }
      }
    ]
  },
  "version": 1
}
