// !$*UTF8*$!
{
	archiveVersion = 1;
	classes = {
	};
	objectVersion = 52;
	objects = {

/* Begin PBXBuildFile section */
		EC09055125BB9360000BF255 /* AppDelegate.swift in Sources */ = {isa = PBXBuildFile; fileRef = EC09055025BB9360000BF255 /* AppDelegate.swift */; };
		EC09055325BB9360000BF255 /* SceneDelegate.swift in Sources */ = {isa = PBXBuildFile; fileRef = EC09055225BB9360000BF255 /* SceneDelegate.swift */; };
		EC09055A25BB9361000BF255 /* Assets.xcassets in Resources */ = {isa = PBXBuildFile; fileRef = EC09055925BB9361000BF255 /* Assets.xcassets */; };
		EC09055D25BB9361000BF255 /* LaunchScreen.storyboard in Resources */ = {isa = PBXBuildFile; fileRef = EC09055B25BB9361000BF255 /* LaunchScreen.storyboard */; };
		EC09057325BB9361000BF255 /* HarryBookerUITests.swift in Sources */ = {isa = PBXBuildFile; fileRef = EC09057225BB9361000BF255 /* HarryBookerUITests.swift */; };
		EC4BCC4025BE2FD9003B23F7 /* QueryEndPoint.swift in Sources */ = {isa = PBXBuildFile; fileRef = EC4BCC3E25BE2FD9003B23F7 /* QueryEndPoint.swift */; };
		EC4BCC5025BE2FFC003B23F7 /* UITableView+Dequeueing.swift in Sources */ = {isa = PBXBuildFile; fileRef = EC4BCC4825BE2FFC003B23F7 /* UITableView+Dequeueing.swift */; };
		EC4BCC5225BE2FFC003B23F7 /* BaseEventView.swift in Sources */ = {isa = PBXBuildFile; fileRef = EC4BCC4D25BE2FFC003B23F7 /* BaseEventView.swift */; };
		EC4BCC5325BE2FFC003B23F7 /* BaseEventPresenter.swift in Sources */ = {isa = PBXBuildFile; fileRef = EC4BCC4E25BE2FFC003B23F7 /* BaseEventPresenter.swift */; };
		EC4BCC5425BE2FFC003B23F7 /* BaseEventViewController.swift in Sources */ = {isa = PBXBuildFile; fileRef = EC4BCC4F25BE2FFC003B23F7 /* BaseEventViewController.swift */; };
		EC4BCC7925BE3058003B23F7 /* Margin+Anchorage.swift in Sources */ = {isa = PBXBuildFile; fileRef = EC4BCC6725BE3057003B23F7 /* Margin+Anchorage.swift */; };
		EC4BCC7A25BE3058003B23F7 /* Margin.swift in Sources */ = {isa = PBXBuildFile; fileRef = EC4BCC6825BE3057003B23F7 /* Margin.swift */; };
		EC4BCC7B25BE3058003B23F7 /* Fonts.swift in Sources */ = {isa = PBXBuildFile; fileRef = EC4BCC6A25BE3057003B23F7 /* Fonts.swift */; };
		EC4BCCC025BE317B003B23F7 /* BookDetailCell.swift in Sources */ = {isa = PBXBuildFile; fileRef = EC4BCCB825BE317B003B23F7 /* BookDetailCell.swift */; };
		EC4BCCC225BE317B003B23F7 /* BookDetail.swift in Sources */ = {isa = PBXBuildFile; fileRef = EC4BCCBB25BE317B003B23F7 /* BookDetail.swift */; };
		EC4BCCC325BE317B003B23F7 /* QueryTableView.swift in Sources */ = {isa = PBXBuildFile; fileRef = EC4BCCBD25BE317B003B23F7 /* QueryTableView.swift */; };
		EC4BCCC425BE317B003B23F7 /* QueryTablePresenter.swift in Sources */ = {isa = PBXBuildFile; fileRef = EC4BCCBE25BE317B003B23F7 /* QueryTablePresenter.swift */; };
		EC4BCCC525BE317B003B23F7 /* QueryTableViewController.swift in Sources */ = {isa = PBXBuildFile; fileRef = EC4BCCBF25BE317B003B23F7 /* QueryTableViewController.swift */; };
		EC4BCCCB25BE31A0003B23F7 /* Anchorage in Frameworks */ = {isa = PBXBuildFile; productRef = EC4BCCCA25BE31A0003B23F7 /* Anchorage */; };
		EC4BCCCE25BE31B7003B23F7 /* Eventful in Frameworks */ = {isa = PBXBuildFile; productRef = EC4BCCCD25BE31B7003B23F7 /* Eventful */; };
		EC4BCCD125BE31C7003B23F7 /* Services in Frameworks */ = {isa = PBXBuildFile; productRef = EC4BCCD025BE31C7003B23F7 /* Services */; };
		EC4BCCDE25BE3226003B23F7 /* SDWebImage in Frameworks */ = {isa = PBXBuildFile; productRef = EC4BCCDD25BE3226003B23F7 /* SDWebImage */; };
		EC9F20CD25BE353C0093DAA3 /* Colors.swift in Sources */ = {isa = PBXBuildFile; fileRef = EC9F20CC25BE353C0093DAA3 /* Colors.swift */; };
		EC9F20D825BE466A0093DAA3 /* HeaderCell.swift in Sources */ = {isa = PBXBuildFile; fileRef = EC9F20D725BE466A0093DAA3 /* HeaderCell.swift */; };
		ECBBA0D325BF938700EB7D38 /* QueryStubs.swift in Sources */ = {isa = PBXBuildFile; fileRef = ECBBA0D225BF938700EB7D38 /* QueryStubs.swift */; };
		ECBBA0D925BF939100EB7D38 /* Query-Page-0.json in Resources */ = {isa = PBXBuildFile; fileRef = ECBBA0D725BF939000EB7D38 /* Query-Page-0.json */; };
		ECBBA0DA25BF939100EB7D38 /* Query-Page-10.json in Resources */ = {isa = PBXBuildFile; fileRef = ECBBA0D825BF939100EB7D38 /* Query-Page-10.json */; };
		ECBBA0DF25BF939B00EB7D38 /* EventBucket.swift in Sources */ = {isa = PBXBuildFile; fileRef = ECBBA0DE25BF939B00EB7D38 /* EventBucket.swift */; };
		ECBBA0EA25BF943200EB7D38 /* QueryTablePresenterTests.swift in Sources */ = {isa = PBXBuildFile; fileRef = ECBBA0E925BF943200EB7D38 /* QueryTablePresenterTests.swift */; };
		ECBBA10225BF980100EB7D38 /* CasePaths in Frameworks */ = {isa = PBXBuildFile; productRef = ECBBA10125BF980100EB7D38 /* CasePaths */; };
		ECBBA10B25BF982300EB7D38 /* OHHTTPStubs in Frameworks */ = {isa = PBXBuildFile; productRef = ECBBA10A25BF982300EB7D38 /* OHHTTPStubs */; };
		ECBBA10D25BF982300EB7D38 /* OHHTTPStubsSwift in Frameworks */ = {isa = PBXBuildFile; productRef = ECBBA10C25BF982300EB7D38 /* OHHTTPStubsSwift */; };
/* End PBXBuildFile section */

/* Begin PBXContainerItemProxy section */
		EC09056425BB9361000BF255 /* PBXContainerItemProxy */ = {
			isa = PBXContainerItemProxy;
			containerPortal = EC09054525BB9360000BF255 /* Project object */;
			proxyType = 1;
			remoteGlobalIDString = EC09054C25BB9360000BF255;
			remoteInfo = HarryBooker;
		};
		EC09056F25BB9361000BF255 /* PBXContainerItemProxy */ = {
			isa = PBXContainerItemProxy;
			containerPortal = EC09054525BB9360000BF255 /* Project object */;
			proxyType = 1;
			remoteGlobalIDString = EC09054C25BB9360000BF255;
			remoteInfo = HarryBooker;
		};
/* End PBXContainerItemProxy section */

/* Begin PBXFileReference section */
		EC09054D25BB9360000BF255 /* HarryBooker.app */ = {isa = PBXFileReference; explicitFileType = wrapper.application; includeInIndex = 0; path = HarryBooker.app; sourceTree = BUILT_PRODUCTS_DIR; };
		EC09055025BB9360000BF255 /* AppDelegate.swift */ = {isa = PBXFileReference; lastKnownFileType = sourcecode.swift; path = AppDelegate.swift; sourceTree = "<group>"; };
		EC09055225BB9360000BF255 /* SceneDelegate.swift */ = {isa = PBXFileReference; lastKnownFileType = sourcecode.swift; path = SceneDelegate.swift; sourceTree = "<group>"; };
		EC09055925BB9361000BF255 /* Assets.xcassets */ = {isa = PBXFileReference; lastKnownFileType = folder.assetcatalog; path = Assets.xcassets; sourceTree = "<group>"; };
		EC09055C25BB9361000BF255 /* Base */ = {isa = PBXFileReference; lastKnownFileType = file.storyboard; name = Base; path = Base.lproj/LaunchScreen.storyboard; sourceTree = "<group>"; };
		EC09055E25BB9361000BF255 /* Info.plist */ = {isa = PBXFileReference; lastKnownFileType = text.plist.xml; path = Info.plist; sourceTree = "<group>"; };
		EC09056325BB9361000BF255 /* HarryBookerTests.xctest */ = {isa = PBXFileReference; explicitFileType = wrapper.cfbundle; includeInIndex = 0; path = HarryBookerTests.xctest; sourceTree = BUILT_PRODUCTS_DIR; };
		EC09056925BB9361000BF255 /* Info.plist */ = {isa = PBXFileReference; lastKnownFileType = text.plist.xml; path = Info.plist; sourceTree = "<group>"; };
		EC09056E25BB9361000BF255 /* HarryBookerUITests.xctest */ = {isa = PBXFileReference; explicitFileType = wrapper.cfbundle; includeInIndex = 0; path = HarryBookerUITests.xctest; sourceTree = BUILT_PRODUCTS_DIR; };
		EC09057225BB9361000BF255 /* HarryBookerUITests.swift */ = {isa = PBXFileReference; lastKnownFileType = sourcecode.swift; path = HarryBookerUITests.swift; sourceTree = "<group>"; };
		EC09057425BB9361000BF255 /* Info.plist */ = {isa = PBXFileReference; lastKnownFileType = text.plist.xml; path = Info.plist; sourceTree = "<group>"; };
		EC4BCC3E25BE2FD9003B23F7 /* QueryEndPoint.swift */ = {isa = PBXFileReference; fileEncoding = 4; lastKnownFileType = sourcecode.swift; path = QueryEndPoint.swift; sourceTree = "<group>"; };
		EC4BCC4825BE2FFC003B23F7 /* UITableView+Dequeueing.swift */ = {isa = PBXFileReference; fileEncoding = 4; lastKnownFileType = sourcecode.swift; path = "UITableView+Dequeueing.swift"; sourceTree = "<group>"; };
		EC4BCC4D25BE2FFC003B23F7 /* BaseEventView.swift */ = {isa = PBXFileReference; fileEncoding = 4; lastKnownFileType = sourcecode.swift; path = BaseEventView.swift; sourceTree = "<group>"; };
		EC4BCC4E25BE2FFC003B23F7 /* BaseEventPresenter.swift */ = {isa = PBXFileReference; fileEncoding = 4; lastKnownFileType = sourcecode.swift; path = BaseEventPresenter.swift; sourceTree = "<group>"; };
		EC4BCC4F25BE2FFC003B23F7 /* BaseEventViewController.swift */ = {isa = PBXFileReference; fileEncoding = 4; lastKnownFileType = sourcecode.swift; path = BaseEventViewController.swift; sourceTree = "<group>"; };
		EC4BCC6725BE3057003B23F7 /* Margin+Anchorage.swift */ = {isa = PBXFileReference; fileEncoding = 4; lastKnownFileType = sourcecode.swift; path = "Margin+Anchorage.swift"; sourceTree = "<group>"; };
		EC4BCC6825BE3057003B23F7 /* Margin.swift */ = {isa = PBXFileReference; fileEncoding = 4; lastKnownFileType = sourcecode.swift; path = Margin.swift; sourceTree = "<group>"; };
		EC4BCC6A25BE3057003B23F7 /* Fonts.swift */ = {isa = PBXFileReference; fileEncoding = 4; lastKnownFileType = sourcecode.swift; path = Fonts.swift; sourceTree = "<group>"; };
		EC4BCCB825BE317B003B23F7 /* BookDetailCell.swift */ = {isa = PBXFileReference; fileEncoding = 4; lastKnownFileType = sourcecode.swift; path = BookDetailCell.swift; sourceTree = "<group>"; };
		EC4BCCBB25BE317B003B23F7 /* BookDetail.swift */ = {isa = PBXFileReference; fileEncoding = 4; lastKnownFileType = sourcecode.swift; path = BookDetail.swift; sourceTree = "<group>"; };
		EC4BCCBD25BE317B003B23F7 /* QueryTableView.swift */ = {isa = PBXFileReference; fileEncoding = 4; lastKnownFileType = sourcecode.swift; path = QueryTableView.swift; sourceTree = "<group>"; };
		EC4BCCBE25BE317B003B23F7 /* QueryTablePresenter.swift */ = {isa = PBXFileReference; fileEncoding = 4; lastKnownFileType = sourcecode.swift; path = QueryTablePresenter.swift; sourceTree = "<group>"; };
		EC4BCCBF25BE317B003B23F7 /* QueryTableViewController.swift */ = {isa = PBXFileReference; fileEncoding = 4; lastKnownFileType = sourcecode.swift; path = QueryTableViewController.swift; sourceTree = "<group>"; };
		EC9F20CC25BE353C0093DAA3 /* Colors.swift */ = {isa = PBXFileReference; lastKnownFileType = sourcecode.swift; path = Colors.swift; sourceTree = "<group>"; };
		EC9F20D725BE466A0093DAA3 /* HeaderCell.swift */ = {isa = PBXFileReference; lastKnownFileType = sourcecode.swift; path = HeaderCell.swift; sourceTree = "<group>"; };
		ECBBA0D225BF938700EB7D38 /* QueryStubs.swift */ = {isa = PBXFileReference; fileEncoding = 4; lastKnownFileType = sourcecode.swift; path = QueryStubs.swift; sourceTree = "<group>"; };
		ECBBA0D725BF939000EB7D38 /* Query-Page-0.json */ = {isa = PBXFileReference; fileEncoding = 4; lastKnownFileType = text.json; path = "Query-Page-0.json"; sourceTree = "<group>"; };
		ECBBA0D825BF939100EB7D38 /* Query-Page-10.json */ = {isa = PBXFileReference; fileEncoding = 4; lastKnownFileType = text.json; path = "Query-Page-10.json"; sourceTree = "<group>"; };
		ECBBA0DE25BF939B00EB7D38 /* EventBucket.swift */ = {isa = PBXFileReference; fileEncoding = 4; lastKnownFileType = sourcecode.swift; path = EventBucket.swift; sourceTree = "<group>"; };
		ECBBA0E925BF943200EB7D38 /* QueryTablePresenterTests.swift */ = {isa = PBXFileReference; lastKnownFileType = sourcecode.swift; path = QueryTablePresenterTests.swift; sourceTree = "<group>"; };
/* End PBXFileReference section */

/* Begin PBXFrameworksBuildPhase section */
		EC09054A25BB9360000BF255 /* Frameworks */ = {
			isa = PBXFrameworksBuildPhase;
			buildActionMask = 2147483647;
			files = (
				EC4BCCD125BE31C7003B23F7 /* Services in Frameworks */,
				EC4BCCCB25BE31A0003B23F7 /* Anchorage in Frameworks */,
				EC4BCCDE25BE3226003B23F7 /* SDWebImage in Frameworks */,
				EC4BCCCE25BE31B7003B23F7 /* Eventful in Frameworks */,
			);
			runOnlyForDeploymentPostprocessing = 0;
		};
		EC09056025BB9361000BF255 /* Frameworks */ = {
			isa = PBXFrameworksBuildPhase;
			buildActionMask = 2147483647;
			files = (
				ECBBA10225BF980100EB7D38 /* CasePaths in Frameworks */,
				ECBBA10D25BF982300EB7D38 /* OHHTTPStubsSwift in Frameworks */,
				ECBBA10B25BF982300EB7D38 /* OHHTTPStubs in Frameworks */,
			);
			runOnlyForDeploymentPostprocessing = 0;
		};
		EC09056B25BB9361000BF255 /* Frameworks */ = {
			isa = PBXFrameworksBuildPhase;
			buildActionMask = 2147483647;
			files = (
			);
			runOnlyForDeploymentPostprocessing = 0;
		};
/* End PBXFrameworksBuildPhase section */

/* Begin PBXGroup section */
		EC04FD8D25BBAA710006B6EC /* Supporting Files */ = {
			isa = PBXGroup;
			children = (
				EC09055025BB9360000BF255 /* AppDelegate.swift */,
				EC09055225BB9360000BF255 /* SceneDelegate.swift */,
				EC09055925BB9361000BF255 /* Assets.xcassets */,
				EC09055B25BB9361000BF255 /* LaunchScreen.storyboard */,
			);
			path = "Supporting Files";
			sourceTree = "<group>";
		};
		EC09054425BB9360000BF255 = {
			isa = PBXGroup;
			children = (
				EC09054F25BB9360000BF255 /* HarryBooker */,
				EC09056625BB9361000BF255 /* HarryBookerTests */,
				EC09057125BB9361000BF255 /* HarryBookerUITests */,
				EC09054E25BB9360000BF255 /* Products */,
				EC475BB025BC7E0700CC58C1 /* Frameworks */,
			);
			sourceTree = "<group>";
		};
		EC09054E25BB9360000BF255 /* Products */ = {
			isa = PBXGroup;
			children = (
				EC09054D25BB9360000BF255 /* HarryBooker.app */,
				EC09056325BB9361000BF255 /* HarryBookerTests.xctest */,
				EC09056E25BB9361000BF255 /* HarryBookerUITests.xctest */,
			);
			name = Products;
			sourceTree = "<group>";
		};
		EC09054F25BB9360000BF255 /* HarryBooker */ = {
			isa = PBXGroup;
			children = (
				EC4BCCB625BE317B003B23F7 /* QueryTableScreen */,
				EC4BCC4625BE2FFC003B23F7 /* Architecture */,
				EC4BCC6525BE3057003B23F7 /* Design */,
				EC4BCC3D25BE2FD9003B23F7 /* EndPoints */,
				EC04FD8D25BBAA710006B6EC /* Supporting Files */,
				EC09055E25BB9361000BF255 /* Info.plist */,
			);
			path = HarryBooker;
			sourceTree = "<group>";
		};
		EC09056625BB9361000BF255 /* HarryBookerTests */ = {
			isa = PBXGroup;
			children = (
				ECBBA05925BF8A0B00EB7D38 /* QueryTable Tests */,
				ECBD3A8B25BFAAE7004EC908 /* Helpers */,
				EC09056925BB9361000BF255 /* Info.plist */,
			);
			path = HarryBookerTests;
			sourceTree = "<group>";
		};
		EC09057125BB9361000BF255 /* HarryBookerUITests */ = {
			isa = PBXGroup;
			children = (
				EC09057225BB9361000BF255 /* HarryBookerUITests.swift */,
				EC09057425BB9361000BF255 /* Info.plist */,
			);
			path = HarryBookerUITests;
			sourceTree = "<group>";
		};
		EC475BB025BC7E0700CC58C1 /* Frameworks */ = {
			isa = PBXGroup;
			children = (
			);
			name = Frameworks;
			sourceTree = "<group>";
		};
		EC4BCC3D25BE2FD9003B23F7 /* EndPoints */ = {
			isa = PBXGroup;
			children = (
				EC4BCC3E25BE2FD9003B23F7 /* QueryEndPoint.swift */,
			);
			path = EndPoints;
			sourceTree = "<group>";
		};
		EC4BCC4625BE2FFC003B23F7 /* Architecture */ = {
			isa = PBXGroup;
			children = (
				EC4BCC4725BE2FFC003B23F7 /* Commons */,
				EC4BCC4C25BE2FFC003B23F7 /* Base */,
			);
			name = Architecture;
			path = HarryBooker/Architecture;
			sourceTree = SOURCE_ROOT;
		};
		EC4BCC4725BE2FFC003B23F7 /* Commons */ = {
			isa = PBXGroup;
			children = (
				EC4BCC4825BE2FFC003B23F7 /* UITableView+Dequeueing.swift */,
			);
			path = Commons;
			sourceTree = "<group>";
		};
		EC4BCC4C25BE2FFC003B23F7 /* Base */ = {
			isa = PBXGroup;
			children = (
				EC4BCC4D25BE2FFC003B23F7 /* BaseEventView.swift */,
				EC4BCC4E25BE2FFC003B23F7 /* BaseEventPresenter.swift */,
				EC4BCC4F25BE2FFC003B23F7 /* BaseEventViewController.swift */,
			);
			path = Base;
			sourceTree = "<group>";
		};
		EC4BCC6525BE3057003B23F7 /* Design */ = {
			isa = PBXGroup;
			children = (
				EC9F20CB25BE352B0093DAA3 /* Colors */,
				EC4BCC6625BE3057003B23F7 /* Margins */,
				EC4BCC6925BE3057003B23F7 /* Fonts */,
			);
			path = Design;
			sourceTree = "<group>";
		};
		EC4BCC6625BE3057003B23F7 /* Margins */ = {
			isa = PBXGroup;
			children = (
				EC4BCC6725BE3057003B23F7 /* Margin+Anchorage.swift */,
				EC4BCC6825BE3057003B23F7 /* Margin.swift */,
			);
			path = Margins;
			sourceTree = "<group>";
		};
		EC4BCC6925BE3057003B23F7 /* Fonts */ = {
			isa = PBXGroup;
			children = (
				EC4BCC6A25BE3057003B23F7 /* Fonts.swift */,
			);
			path = Fonts;
			sourceTree = "<group>";
		};
		EC4BCCB625BE317B003B23F7 /* QueryTableScreen */ = {
			isa = PBXGroup;
			children = (
				EC4BCCBA25BE317B003B23F7 /* Models */,
				EC4BCCBC25BE317B003B23F7 /* Screen */,
				EC4BCCB725BE317B003B23F7 /* Cells */,
			);
			path = QueryTableScreen;
			sourceTree = "<group>";
		};
		EC4BCCB725BE317B003B23F7 /* Cells */ = {
			isa = PBXGroup;
			children = (
				EC9F20D725BE466A0093DAA3 /* HeaderCell.swift */,
				EC4BCCB825BE317B003B23F7 /* BookDetailCell.swift */,
			);
			path = Cells;
			sourceTree = "<group>";
		};
		EC4BCCBA25BE317B003B23F7 /* Models */ = {
			isa = PBXGroup;
			children = (
				EC4BCCBB25BE317B003B23F7 /* BookDetail.swift */,
			);
			path = Models;
			sourceTree = "<group>";
		};
		EC4BCCBC25BE317B003B23F7 /* Screen */ = {
			isa = PBXGroup;
			children = (
				EC4BCCBD25BE317B003B23F7 /* QueryTableView.swift */,
				EC4BCCBE25BE317B003B23F7 /* QueryTablePresenter.swift */,
				EC4BCCBF25BE317B003B23F7 /* QueryTableViewController.swift */,
			);
			path = Screen;
			sourceTree = "<group>";
		};
		EC9F20CB25BE352B0093DAA3 /* Colors */ = {
			isa = PBXGroup;
			children = (
				EC9F20CC25BE353C0093DAA3 /* Colors.swift */,
			);
			path = Colors;
			sourceTree = "<group>";
		};
		ECBBA05825BF89FE00EB7D38 /* QueryStubs */ = {
			isa = PBXGroup;
			children = (
				ECBBA0D225BF938700EB7D38 /* QueryStubs.swift */,
			);
			path = QueryStubs;
			sourceTree = "<group>";
		};
		ECBBA05925BF8A0B00EB7D38 /* QueryTable Tests */ = {
			isa = PBXGroup;
			children = (
				ECBBA0E925BF943200EB7D38 /* QueryTablePresenterTests.swift */,
			);
			path = "QueryTable Tests";
			sourceTree = "<group>";
		};
		ECBBA06A25BF8C1B00EB7D38 /* JSON Mocks */ = {
			isa = PBXGroup;
			children = (
				ECBBA0D725BF939000EB7D38 /* Query-Page-0.json */,
				ECBBA0D825BF939100EB7D38 /* Query-Page-10.json */,
			);
			path = "JSON Mocks";
			sourceTree = "<group>";
		};
		ECBBA07E25BF8DD700EB7D38 /* EventBucket */ = {
			isa = PBXGroup;
			children = (
				ECBBA0DE25BF939B00EB7D38 /* EventBucket.swift */,
			);
			path = EventBucket;
			sourceTree = "<group>";
		};
		ECBD3A8B25BFAAE7004EC908 /* Helpers */ = {
			isa = PBXGroup;
			children = (
				ECBBA06A25BF8C1B00EB7D38 /* JSON Mocks */,
				ECBBA05825BF89FE00EB7D38 /* QueryStubs */,
				ECBBA07E25BF8DD700EB7D38 /* EventBucket */,
			);
			path = Helpers;
			sourceTree = "<group>";
		};
/* End PBXGroup section */

/* Begin PBXNativeTarget section */
		EC09054C25BB9360000BF255 /* HarryBooker */ = {
			isa = PBXNativeTarget;
			buildConfigurationList = EC09057725BB9361000BF255 /* Build configuration list for PBXNativeTarget "HarryBooker" */;
			buildPhases = (
				EC09054925BB9360000BF255 /* Sources */,
				EC09054A25BB9360000BF255 /* Frameworks */,
				EC09054B25BB9360000BF255 /* Resources */,
			);
			buildRules = (
			);
			dependencies = (
			);
			name = HarryBooker;
			packageProductDependencies = (
				EC4BCCCA25BE31A0003B23F7 /* Anchorage */,
				EC4BCCCD25BE31B7003B23F7 /* Eventful */,
				EC4BCCD025BE31C7003B23F7 /* Services */,
				EC4BCCDD25BE3226003B23F7 /* SDWebImage */,
			);
			productName = HarryBooker;
			productReference = EC09054D25BB9360000BF255 /* HarryBooker.app */;
			productType = "com.apple.product-type.application";
		};
		EC09056225BB9361000BF255 /* HarryBookerTests */ = {
			isa = PBXNativeTarget;
			buildConfigurationList = EC09057A25BB9361000BF255 /* Build configuration list for PBXNativeTarget "HarryBookerTests" */;
			buildPhases = (
				EC09055F25BB9361000BF255 /* Sources */,
				EC09056025BB9361000BF255 /* Frameworks */,
				EC09056125BB9361000BF255 /* Resources */,
			);
			buildRules = (
			);
			dependencies = (
				EC09056525BB9361000BF255 /* PBXTargetDependency */,
			);
			name = HarryBookerTests;
			packageProductDependencies = (
				ECBBA10125BF980100EB7D38 /* CasePaths */,
				ECBBA10A25BF982300EB7D38 /* OHHTTPStubs */,
				ECBBA10C25BF982300EB7D38 /* OHHTTPStubsSwift */,
			);
			productName = HarryBookerTests;
			productReference = EC09056325BB9361000BF255 /* HarryBookerTests.xctest */;
			productType = "com.apple.product-type.bundle.unit-test";
		};
		EC09056D25BB9361000BF255 /* HarryBookerUITests */ = {
			isa = PBXNativeTarget;
			buildConfigurationList = EC09057D25BB9361000BF255 /* Build configuration list for PBXNativeTarget "HarryBookerUITests" */;
			buildPhases = (
				EC09056A25BB9361000BF255 /* Sources */,
				EC09056B25BB9361000BF255 /* Frameworks */,
				EC09056C25BB9361000BF255 /* Resources */,
			);
			buildRules = (
			);
			dependencies = (
				EC09057025BB9361000BF255 /* PBXTargetDependency */,
			);
			name = HarryBookerUITests;
			productName = HarryBookerUITests;
			productReference = EC09056E25BB9361000BF255 /* HarryBookerUITests.xctest */;
			productType = "com.apple.product-type.bundle.ui-testing";
		};
/* End PBXNativeTarget section */

/* Begin PBXProject section */
		EC09054525BB9360000BF255 /* Project object */ = {
			isa = PBXProject;
			attributes = {
				LastSwiftUpdateCheck = 1230;
				LastUpgradeCheck = 1230;
				TargetAttributes = {
					EC09054C25BB9360000BF255 = {
						CreatedOnToolsVersion = 12.3;
					};
					EC09056225BB9361000BF255 = {
						CreatedOnToolsVersion = 12.3;
						LastSwiftMigration = 1230;
						TestTargetID = EC09054C25BB9360000BF255;
					};
					EC09056D25BB9361000BF255 = {
						CreatedOnToolsVersion = 12.3;
						TestTargetID = EC09054C25BB9360000BF255;
					};
				};
			};
			buildConfigurationList = EC09054825BB9360000BF255 /* Build configuration list for PBXProject "HarryBooker" */;
			compatibilityVersion = "Xcode 9.3";
			developmentRegion = en;
			hasScannedForEncodings = 0;
			knownRegions = (
				en,
				Base,
			);
			mainGroup = EC09054425BB9360000BF255;
			packageReferences = (
				EC4BCCC925BE31A0003B23F7 /* XCRemoteSwiftPackageReference "Anchorage" */,
				EC4BCCCC25BE31B7003B23F7 /* XCRemoteSwiftPackageReference "Eventful" */,
				EC4BCCCF25BE31C7003B23F7 /* XCRemoteSwiftPackageReference "Services" */,
				EC4BCCDC25BE3226003B23F7 /* XCRemoteSwiftPackageReference "SDWebImage" */,
				ECBBA10025BF980100EB7D38 /* XCRemoteSwiftPackageReference "swift-case-paths" */,
				ECBBA10925BF982300EB7D38 /* XCRemoteSwiftPackageReference "OHHTTPStubs" */,
			);
			productRefGroup = EC09054E25BB9360000BF255 /* Products */;
			projectDirPath = "";
			projectRoot = "";
			targets = (
				EC09054C25BB9360000BF255 /* HarryBooker */,
				EC09056225BB9361000BF255 /* HarryBookerTests */,
				EC09056D25BB9361000BF255 /* HarryBookerUITests */,
			);
		};
/* End PBXProject section */

/* Begin PBXResourcesBuildPhase section */
		EC09054B25BB9360000BF255 /* Resources */ = {
			isa = PBXResourcesBuildPhase;
			buildActionMask = 2147483647;
			files = (
				EC09055D25BB9361000BF255 /* LaunchScreen.storyboard in Resources */,
				EC09055A25BB9361000BF255 /* Assets.xcassets in Resources */,
			);
			runOnlyForDeploymentPostprocessing = 0;
		};
		EC09056125BB9361000BF255 /* Resources */ = {
			isa = PBXResourcesBuildPhase;
			buildActionMask = 2147483647;
			files = (
				ECBBA0DA25BF939100EB7D38 /* Query-Page-10.json in Resources */,
				ECBBA0D925BF939100EB7D38 /* Query-Page-0.json in Resources */,
			);
			runOnlyForDeploymentPostprocessing = 0;
		};
		EC09056C25BB9361000BF255 /* Resources */ = {
			isa = PBXResourcesBuildPhase;
			buildActionMask = 2147483647;
			files = (
			);
			runOnlyForDeploymentPostprocessing = 0;
		};
/* End PBXResourcesBuildPhase section */

/* Begin PBXSourcesBuildPhase section */
		EC09054925BB9360000BF255 /* Sources */ = {
			isa = PBXSourcesBuildPhase;
			buildActionMask = 2147483647;
			files = (
				EC09055125BB9360000BF255 /* AppDelegate.swift in Sources */,
				EC4BCCC425BE317B003B23F7 /* QueryTablePresenter.swift in Sources */,
				EC4BCC4025BE2FD9003B23F7 /* QueryEndPoint.swift in Sources */,
				EC9F20CD25BE353C0093DAA3 /* Colors.swift in Sources */,
				EC4BCC7A25BE3058003B23F7 /* Margin.swift in Sources */,
				EC4BCC7925BE3058003B23F7 /* Margin+Anchorage.swift in Sources */,
				EC4BCC5425BE2FFC003B23F7 /* BaseEventViewController.swift in Sources */,
				EC4BCCC525BE317B003B23F7 /* QueryTableViewController.swift in Sources */,
				EC09055325BB9360000BF255 /* SceneDelegate.swift in Sources */,
				EC4BCCC225BE317B003B23F7 /* BookDetail.swift in Sources */,
				EC4BCC7B25BE3058003B23F7 /* Fonts.swift in Sources */,
				EC4BCC5025BE2FFC003B23F7 /* UITableView+Dequeueing.swift in Sources */,
				EC4BCCC325BE317B003B23F7 /* QueryTableView.swift in Sources */,
				EC4BCCC025BE317B003B23F7 /* BookDetailCell.swift in Sources */,
				EC4BCC5325BE2FFC003B23F7 /* BaseEventPresenter.swift in Sources */,
				EC9F20D825BE466A0093DAA3 /* HeaderCell.swift in Sources */,
				EC4BCC5225BE2FFC003B23F7 /* BaseEventView.swift in Sources */,
			);
			runOnlyForDeploymentPostprocessing = 0;
		};
		EC09055F25BB9361000BF255 /* Sources */ = {
			isa = PBXSourcesBuildPhase;
			buildActionMask = 2147483647;
			files = (
				ECBBA0D325BF938700EB7D38 /* QueryStubs.swift in Sources */,
				ECBBA0EA25BF943200EB7D38 /* QueryTablePresenterTests.swift in Sources */,
				ECBBA0DF25BF939B00EB7D38 /* EventBucket.swift in Sources */,
			);
			runOnlyForDeploymentPostprocessing = 0;
		};
		EC09056A25BB9361000BF255 /* Sources */ = {
			isa = PBXSourcesBuildPhase;
			buildActionMask = 2147483647;
			files = (
				EC09057325BB9361000BF255 /* HarryBookerUITests.swift in Sources */,
			);
			runOnlyForDeploymentPostprocessing = 0;
		};
/* End PBXSourcesBuildPhase section */

/* Begin PBXTargetDependency section */
		EC09056525BB9361000BF255 /* PBXTargetDependency */ = {
			isa = PBXTargetDependency;
			target = EC09054C25BB9360000BF255 /* HarryBooker */;
			targetProxy = EC09056425BB9361000BF255 /* PBXContainerItemProxy */;
		};
		EC09057025BB9361000BF255 /* PBXTargetDependency */ = {
			isa = PBXTargetDependency;
			target = EC09054C25BB9360000BF255 /* HarryBooker */;
			targetProxy = EC09056F25BB9361000BF255 /* PBXContainerItemProxy */;
		};
/* End PBXTargetDependency section */

/* Begin PBXVariantGroup section */
		EC09055B25BB9361000BF255 /* LaunchScreen.storyboard */ = {
			isa = PBXVariantGroup;
			children = (
				EC09055C25BB9361000BF255 /* Base */,
			);
			name = LaunchScreen.storyboard;
			sourceTree = "<group>";
		};
/* End PBXVariantGroup section */

/* Begin XCBuildConfiguration section */
		EC09057525BB9361000BF255 /* Debug */ = {
			isa = XCBuildConfiguration;
			buildSettings = {
				ALWAYS_SEARCH_USER_PATHS = NO;
				CLANG_ANALYZER_NONNULL = YES;
				CLANG_ANALYZER_NUMBER_OBJECT_CONVERSION = YES_AGGRESSIVE;
				CLANG_CXX_LANGUAGE_STANDARD = "gnu++14";
				CLANG_CXX_LIBRARY = "libc++";
				CLANG_ENABLE_MODULES = YES;
				CLANG_ENABLE_OBJC_ARC = YES;
				CLANG_ENABLE_OBJC_WEAK = YES;
				CLANG_WARN_BLOCK_CAPTURE_AUTORELEASING = YES;
				CLANG_WARN_BOOL_CONVERSION = YES;
				CLANG_WARN_COMMA = YES;
				CLANG_WARN_CONSTANT_CONVERSION = YES;
				CLANG_WARN_DEPRECATED_OBJC_IMPLEMENTATIONS = YES;
				CLANG_WARN_DIRECT_OBJC_ISA_USAGE = YES_ERROR;
				CLANG_WARN_DOCUMENTATION_COMMENTS = YES;
				CLANG_WARN_EMPTY_BODY = YES;
				CLANG_WARN_ENUM_CONVERSION = YES;
				CLANG_WARN_INFINITE_RECURSION = YES;
				CLANG_WARN_INT_CONVERSION = YES;
				CLANG_WARN_NON_LITERAL_NULL_CONVERSION = YES;
				CLANG_WARN_OBJC_IMPLICIT_RETAIN_SELF = YES;
				CLANG_WARN_OBJC_LITERAL_CONVERSION = YES;
				CLANG_WARN_OBJC_ROOT_CLASS = YES_ERROR;
				CLANG_WARN_QUOTED_INCLUDE_IN_FRAMEWORK_HEADER = YES;
				CLANG_WARN_RANGE_LOOP_ANALYSIS = YES;
				CLANG_WARN_STRICT_PROTOTYPES = YES;
				CLANG_WARN_SUSPICIOUS_MOVE = YES;
				CLANG_WARN_UNGUARDED_AVAILABILITY = YES_AGGRESSIVE;
				CLANG_WARN_UNREACHABLE_CODE = YES;
				CLANG_WARN__DUPLICATE_METHOD_MATCH = YES;
				COPY_PHASE_STRIP = NO;
				DEBUG_INFORMATION_FORMAT = dwarf;
				ENABLE_STRICT_OBJC_MSGSEND = YES;
				ENABLE_TESTABILITY = YES;
				GCC_C_LANGUAGE_STANDARD = gnu11;
				GCC_DYNAMIC_NO_PIC = NO;
				GCC_NO_COMMON_BLOCKS = YES;
				GCC_OPTIMIZATION_LEVEL = 0;
				GCC_PREPROCESSOR_DEFINITIONS = (
					"DEBUG=1",
					"$(inherited)",
				);
				GCC_WARN_64_TO_32_BIT_CONVERSION = YES;
				GCC_WARN_ABOUT_RETURN_TYPE = YES_ERROR;
				GCC_WARN_UNDECLARED_SELECTOR = YES;
				GCC_WARN_UNINITIALIZED_AUTOS = YES_AGGRESSIVE;
				GCC_WARN_UNUSED_FUNCTION = YES;
				GCC_WARN_UNUSED_VARIABLE = YES;
				IPHONEOS_DEPLOYMENT_TARGET = 13.0;
				MTL_ENABLE_DEBUG_INFO = INCLUDE_SOURCE;
				MTL_FAST_MATH = YES;
				ONLY_ACTIVE_ARCH = YES;
				SDKROOT = iphoneos;
				SWIFT_ACTIVE_COMPILATION_CONDITIONS = DEBUG;
				SWIFT_OPTIMIZATION_LEVEL = "-Onone";
			};
			name = Debug;
		};
		EC09057625BB9361000BF255 /* Release */ = {
			isa = XCBuildConfiguration;
			buildSettings = {
				ALWAYS_SEARCH_USER_PATHS = NO;
				CLANG_ANALYZER_NONNULL = YES;
				CLANG_ANALYZER_NUMBER_OBJECT_CONVERSION = YES_AGGRESSIVE;
				CLANG_CXX_LANGUAGE_STANDARD = "gnu++14";
				CLANG_CXX_LIBRARY = "libc++";
				CLANG_ENABLE_MODULES = YES;
				CLANG_ENABLE_OBJC_ARC = YES;
				CLANG_ENABLE_OBJC_WEAK = YES;
				CLANG_WARN_BLOCK_CAPTURE_AUTORELEASING = YES;
				CLANG_WARN_BOOL_CONVERSION = YES;
				CLANG_WARN_COMMA = YES;
				CLANG_WARN_CONSTANT_CONVERSION = YES;
				CLANG_WARN_DEPRECATED_OBJC_IMPLEMENTATIONS = YES;
				CLANG_WARN_DIRECT_OBJC_ISA_USAGE = YES_ERROR;
				CLANG_WARN_DOCUMENTATION_COMMENTS = YES;
				CLANG_WARN_EMPTY_BODY = YES;
				CLANG_WARN_ENUM_CONVERSION = YES;
				CLANG_WARN_INFINITE_RECURSION = YES;
				CLANG_WARN_INT_CONVERSION = YES;
				CLANG_WARN_NON_LITERAL_NULL_CONVERSION = YES;
				CLANG_WARN_OBJC_IMPLICIT_RETAIN_SELF = YES;
				CLANG_WARN_OBJC_LITERAL_CONVERSION = YES;
				CLANG_WARN_OBJC_ROOT_CLASS = YES_ERROR;
				CLANG_WARN_QUOTED_INCLUDE_IN_FRAMEWORK_HEADER = YES;
				CLANG_WARN_RANGE_LOOP_ANALYSIS = YES;
				CLANG_WARN_STRICT_PROTOTYPES = YES;
				CLANG_WARN_SUSPICIOUS_MOVE = YES;
				CLANG_WARN_UNGUARDED_AVAILABILITY = YES_AGGRESSIVE;
				CLANG_WARN_UNREACHABLE_CODE = YES;
				CLANG_WARN__DUPLICATE_METHOD_MATCH = YES;
				COPY_PHASE_STRIP = NO;
				DEBUG_INFORMATION_FORMAT = "dwarf-with-dsym";
				ENABLE_NS_ASSERTIONS = NO;
				ENABLE_STRICT_OBJC_MSGSEND = YES;
				GCC_C_LANGUAGE_STANDARD = gnu11;
				GCC_NO_COMMON_BLOCKS = YES;
				GCC_WARN_64_TO_32_BIT_CONVERSION = YES;
				GCC_WARN_ABOUT_RETURN_TYPE = YES_ERROR;
				GCC_WARN_UNDECLARED_SELECTOR = YES;
				GCC_WARN_UNINITIALIZED_AUTOS = YES_AGGRESSIVE;
				GCC_WARN_UNUSED_FUNCTION = YES;
				GCC_WARN_UNUSED_VARIABLE = YES;
				IPHONEOS_DEPLOYMENT_TARGET = 13.0;
				MTL_ENABLE_DEBUG_INFO = NO;
				MTL_FAST_MATH = YES;
				SDKROOT = iphoneos;
				SWIFT_COMPILATION_MODE = wholemodule;
				SWIFT_OPTIMIZATION_LEVEL = "-O";
				VALIDATE_PRODUCT = YES;
			};
			name = Release;
		};
		EC09057825BB9361000BF255 /* Debug */ = {
			isa = XCBuildConfiguration;
			buildSettings = {
				ASSETCATALOG_COMPILER_APPICON_NAME = AppIcon;
				ASSETCATALOG_COMPILER_GLOBAL_ACCENT_COLOR_NAME = AccentColor;
				CODE_SIGN_STYLE = Automatic;
				DEVELOPMENT_TEAM = 3XNDNC2DEH;
				INFOPLIST_FILE = HarryBooker/Info.plist;
				IPHONEOS_DEPLOYMENT_TARGET = 13.0;
				LD_RUNPATH_SEARCH_PATHS = (
					"$(inherited)",
					"@executable_path/Frameworks",
				);
				PRODUCT_BUNDLE_IDENTIFIER = raymund.cat.HarryBooker;
				PRODUCT_NAME = "$(TARGET_NAME)";
				SWIFT_VERSION = 5.0;
				TARGETED_DEVICE_FAMILY = "1,2";
			};
			name = Debug;
		};
		EC09057925BB9361000BF255 /* Release */ = {
			isa = XCBuildConfiguration;
			buildSettings = {
				ASSETCATALOG_COMPILER_APPICON_NAME = AppIcon;
				ASSETCATALOG_COMPILER_GLOBAL_ACCENT_COLOR_NAME = AccentColor;
				CODE_SIGN_STYLE = Automatic;
				DEVELOPMENT_TEAM = 3XNDNC2DEH;
				INFOPLIST_FILE = HarryBooker/Info.plist;
				IPHONEOS_DEPLOYMENT_TARGET = 13.0;
				LD_RUNPATH_SEARCH_PATHS = (
					"$(inherited)",
					"@executable_path/Frameworks",
				);
				PRODUCT_BUNDLE_IDENTIFIER = raymund.cat.HarryBooker;
				PRODUCT_NAME = "$(TARGET_NAME)";
				SWIFT_VERSION = 5.0;
				TARGETED_DEVICE_FAMILY = "1,2";
			};
			name = Release;
		};
		EC09057B25BB9361000BF255 /* Debug */ = {
			isa = XCBuildConfiguration;
			buildSettings = {
				ALWAYS_EMBED_SWIFT_STANDARD_LIBRARIES = YES;
				BUNDLE_LOADER = "$(TEST_HOST)";
				CLANG_ENABLE_MODULES = YES;
				CODE_SIGN_STYLE = Automatic;
				DEVELOPMENT_TEAM = 3XNDNC2DEH;
				INFOPLIST_FILE = HarryBookerTests/Info.plist;
				IPHONEOS_DEPLOYMENT_TARGET = 13.0;
				LD_RUNPATH_SEARCH_PATHS = (
					"$(inherited)",
					"@executable_path/Frameworks",
					"@loader_path/Frameworks",
				);
				PRODUCT_BUNDLE_IDENTIFIER = raymund.cat.HarryBookerTests;
				PRODUCT_NAME = "$(TARGET_NAME)";
				SWIFT_OBJC_BRIDGING_HEADER = "";
				SWIFT_OPTIMIZATION_LEVEL = "-Onone";
				SWIFT_VERSION = 5.0;
				TARGETED_DEVICE_FAMILY = "1,2";
				TEST_HOST = "$(BUILT_PRODUCTS_DIR)/HarryBooker.app/HarryBooker";
			};
			name = Debug;
		};
		EC09057C25BB9361000BF255 /* Release */ = {
			isa = XCBuildConfiguration;
			buildSettings = {
				ALWAYS_EMBED_SWIFT_STANDARD_LIBRARIES = YES;
				BUNDLE_LOADER = "$(TEST_HOST)";
				CLANG_ENABLE_MODULES = YES;
				CODE_SIGN_STYLE = Automatic;
				DEVELOPMENT_TEAM = 3XNDNC2DEH;
				INFOPLIST_FILE = HarryBookerTests/Info.plist;
				IPHONEOS_DEPLOYMENT_TARGET = 13.0;
				LD_RUNPATH_SEARCH_PATHS = (
					"$(inherited)",
					"@executable_path/Frameworks",
					"@loader_path/Frameworks",
				);
				PRODUCT_BUNDLE_IDENTIFIER = raymund.cat.HarryBookerTests;
				PRODUCT_NAME = "$(TARGET_NAME)";
				SWIFT_OBJC_BRIDGING_HEADER = "";
				SWIFT_VERSION = 5.0;
				TARGETED_DEVICE_FAMILY = "1,2";
				TEST_HOST = "$(BUILT_PRODUCTS_DIR)/HarryBooker.app/HarryBooker";
			};
			name = Release;
		};
		EC09057E25BB9361000BF255 /* Debug */ = {
			isa = XCBuildConfiguration;
			buildSettings = {
				ALWAYS_EMBED_SWIFT_STANDARD_LIBRARIES = YES;
				CODE_SIGN_STYLE = Automatic;
				DEVELOPMENT_TEAM = 3XNDNC2DEH;
				INFOPLIST_FILE = HarryBookerUITests/Info.plist;
				LD_RUNPATH_SEARCH_PATHS = (
					"$(inherited)",
					"@executable_path/Frameworks",
					"@loader_path/Frameworks",
				);
				PRODUCT_BUNDLE_IDENTIFIER = raymund.cat.HarryBookerUITests;
				PRODUCT_NAME = "$(TARGET_NAME)";
				SWIFT_VERSION = 5.0;
				TARGETED_DEVICE_FAMILY = "1,2";
				TEST_TARGET_NAME = HarryBooker;
			};
			name = Debug;
		};
		EC09057F25BB9361000BF255 /* Release */ = {
			isa = XCBuildConfiguration;
			buildSettings = {
				ALWAYS_EMBED_SWIFT_STANDARD_LIBRARIES = YES;
				CODE_SIGN_STYLE = Automatic;
				DEVELOPMENT_TEAM = 3XNDNC2DEH;
				INFOPLIST_FILE = HarryBookerUITests/Info.plist;
				LD_RUNPATH_SEARCH_PATHS = (
					"$(inherited)",
					"@executable_path/Frameworks",
					"@loader_path/Frameworks",
				);
				PRODUCT_BUNDLE_IDENTIFIER = raymund.cat.HarryBookerUITests;
				PRODUCT_NAME = "$(TARGET_NAME)";
				SWIFT_VERSION = 5.0;
				TARGETED_DEVICE_FAMILY = "1,2";
				TEST_TARGET_NAME = HarryBooker;
			};
			name = Release;
		};
/* End XCBuildConfiguration section */

/* Begin XCConfigurationList section */
		EC09054825BB9360000BF255 /* Build configuration list for PBXProject "HarryBooker" */ = {
			isa = XCConfigurationList;
			buildConfigurations = (
				EC09057525BB9361000BF255 /* Debug */,
				EC09057625BB9361000BF255 /* Release */,
			);
			defaultConfigurationIsVisible = 0;
			defaultConfigurationName = Release;
		};
		EC09057725BB9361000BF255 /* Build configuration list for PBXNativeTarget "HarryBooker" */ = {
			isa = XCConfigurationList;
			buildConfigurations = (
				EC09057825BB9361000BF255 /* Debug */,
				EC09057925BB9361000BF255 /* Release */,
			);
			defaultConfigurationIsVisible = 0;
			defaultConfigurationName = Release;
		};
		EC09057A25BB9361000BF255 /* Build configuration list for PBXNativeTarget "HarryBookerTests" */ = {
			isa = XCConfigurationList;
			buildConfigurations = (
				EC09057B25BB9361000BF255 /* Debug */,
				EC09057C25BB9361000BF255 /* Release */,
			);
			defaultConfigurationIsVisible = 0;
			defaultConfigurationName = Release;
		};
		EC09057D25BB9361000BF255 /* Build configuration list for PBXNativeTarget "HarryBookerUITests" */ = {
			isa = XCConfigurationList;
			buildConfigurations = (
				EC09057E25BB9361000BF255 /* Debug */,
				EC09057F25BB9361000BF255 /* Release */,
			);
			defaultConfigurationIsVisible = 0;
			defaultConfigurationName = Release;
		};
/* End XCConfigurationList section */

/* Begin XCRemoteSwiftPackageReference section */
		EC4BCCC925BE31A0003B23F7 /* XCRemoteSwiftPackageReference "Anchorage" */ = {
			isa = XCRemoteSwiftPackageReference;
			repositoryURL = "https://github.com/Rightpoint/Anchorage";
			requirement = {
				kind = exactVersion;
				version = 4.5.0;
			};
		};
		EC4BCCCC25BE31B7003B23F7 /* XCRemoteSwiftPackageReference "Eventful" */ = {
			isa = XCRemoteSwiftPackageReference;
			repositoryURL = "https://github.com/raymundcat/Eventful";
			requirement = {
				kind = exactVersion;
				version = 0.0.3;
			};
		};
		EC4BCCCF25BE31C7003B23F7 /* XCRemoteSwiftPackageReference "Services" */ = {
			isa = XCRemoteSwiftPackageReference;
			repositoryURL = "https://github.com/raymundcat/Services";
			requirement = {
				kind = exactVersion;
				version = 0.0.9;
			};
		};
		EC4BCCDC25BE3226003B23F7 /* XCRemoteSwiftPackageReference "SDWebImage" */ = {
			isa = XCRemoteSwiftPackageReference;
			repositoryURL = "https://github.com/SDWebImage/SDWebImage";
			requirement = {
				kind = exactVersion;
				version = 5.10.3;
			};
		};
		ECBBA10025BF980100EB7D38 /* XCRemoteSwiftPackageReference "swift-case-paths" */ = {
			isa = XCRemoteSwiftPackageReference;
			repositoryURL = "https://github.com/pointfreeco/swift-case-paths.git";
			requirement = {
				kind = exactVersion;
				version = 0.1.2;
			};
		};
		ECBBA10925BF982300EB7D38 /* XCRemoteSwiftPackageReference "OHHTTPStubs" */ = {
			isa = XCRemoteSwiftPackageReference;
			repositoryURL = "https://github.com/AliSoftware/OHHTTPStubs";
			requirement = {
				kind = exactVersion;
				version = 9.1.0;
			};
		};
/* End XCRemoteSwiftPackageReference section */

/* Begin XCSwiftPackageProductDependency section */
		EC4BCCCA25BE31A0003B23F7 /* Anchorage */ = {
			isa = XCSwiftPackageProductDependency;
			package = EC4BCCC925BE31A0003B23F7 /* XCRemoteSwiftPackageReference "Anchorage" */;
			productName = Anchorage;
		};
		EC4BCCCD25BE31B7003B23F7 /* Eventful */ = {
			isa = XCSwiftPackageProductDependency;
			package = EC4BCCCC25BE31B7003B23F7 /* XCRemoteSwiftPackageReference "Eventful" */;
			productName = Eventful;
		};
		EC4BCCD025BE31C7003B23F7 /* Services */ = {
			isa = XCSwiftPackageProductDependency;
			package = EC4BCCCF25BE31C7003B23F7 /* XCRemoteSwiftPackageReference "Services" */;
			productName = Services;
		};
		EC4BCCDD25BE3226003B23F7 /* SDWebImage */ = {
			isa = XCSwiftPackageProductDependency;
			package = EC4BCCDC25BE3226003B23F7 /* XCRemoteSwiftPackageReference "SDWebImage" */;
			productName = SDWebImage;
		};
		ECBBA10125BF980100EB7D38 /* CasePaths */ = {
			isa = XCSwiftPackageProductDependency;
			package = ECBBA10025BF980100EB7D38 /* XCRemoteSwiftPackageReference "swift-case-paths" */;
			productName = CasePaths;
		};
		ECBBA10A25BF982300EB7D38 /* OHHTTPStubs */ = {
			isa = XCSwiftPackageProductDependency;
			package = ECBBA10925BF982300EB7D38 /* XCRemoteSwiftPackageReference "OHHTTPStubs" */;
			productName = OHHTTPStubs;
		};
		ECBBA10C25BF982300EB7D38 /* OHHTTPStubsSwift */ = {
			isa = XCSwiftPackageProductDependency;
			package = ECBBA10925BF982300EB7D38 /* XCRemoteSwiftPackageReference "OHHTTPStubs" */;
			productName = OHHTTPStubsSwift;
		};
/* End XCSwiftPackageProductDependency section */
	};
	rootObject = EC09054525BB9360000BF255 /* Project object */;
}
